<?xml version="1.0" encoding="utf-8"?>
<Project ToolsVersion="4.0" xmlns="http://schemas.microsoft.com/developer/msbuild/2003">
  <ItemGroup>
    <Filter Include="Source Files">
      <UniqueIdentifier>{712c6db2-4dbf-4ad2-b934-320a189fab09}</UniqueIdentifier>
      <Extensions>cpp;c;cxx;rc;def;r;odl;idl;hpj;bat</Extensions>
    </Filter>
    <Filter Include="Header Files">
      <UniqueIdentifier>{3ac0c9f7-bad4-4178-950a-8568fe3208a4}</UniqueIdentifier>
      <Extensions>h;hpp;hxx;hm;inl</Extensions>
    </Filter>
    <Filter Include="Resource Files">
      <UniqueIdentifier>{c6f2c472-990d-4b18-8b55-c664d46346c3}</UniqueIdentifier>
      <Extensions>ico;cur;bmp;dlg;rc2;rct;bin;rgs;gif;jpg;jpeg;jpe</Extensions>
    </Filter>
  </ItemGroup>
  <ItemGroup>
    <ClCompile Include="3dtypes.cpp">
      <Filter>Source Files</Filter>
    </ClCompile>
    <ClCompile Include="aboutdlg.cpp">
      <Filter>Source Files</Filter>
    </ClCompile>
    <ClCompile Include="atbview.cpp">
      <Filter>Source Files</Filter>
    </ClCompile>
    <ClCompile Include="bai.cpp">
      <Filter>Source Files</Filter>
    </ClCompile>
    <ClCompile Include="bai_doc.cpp">
      <Filter>Source Files</Filter>
    </ClCompile>
    <ClCompile Include="bai_view.cpp">
      <Filter>Source Files</Filter>
    </ClCompile>
    <ClCompile Include="config.cpp">
      <Filter>Source Files</Filter>
    </ClCompile>
    <ClCompile Include="cpvs.cpp">
      <Filter>Source Files</Filter>
    </ClCompile>
    <ClCompile Include="ctrls.cpp">
      <Filter>Source Files</Filter>
    </ClCompile>
    <ClCompile Include="dialogs.cpp">
      <Filter>Source Files</Filter>
    </ClCompile>
    <ClCompile Include="files.cpp">
      <Filter>Source Files</Filter>
    </ClCompile>
    <ClCompile Include="glview.cpp">
      <Filter>Source Files</Filter>
    </ClCompile>
    <ClCompile Include="LoadTGA.cpp">
      <Filter>Source Files</Filter>
    </ClCompile>
    <ClCompile Include="mainfrm.cpp">
      <Filter>Source Files</Filter>
    </ClCompile>
    <ClCompile Include="optionsdlg.cpp">
      <Filter>Source Files</Filter>
    </ClCompile>
    <ClCompile Include="psdl-editor.cpp">
      <Filter>Source Files</Filter>
    </ClCompile>
    <ClCompile Include="psdl.cpp">
      <Filter>Source Files</Filter>
    </ClCompile>
    <ClCompile Include="psdl_doc.cpp">
      <Filter>Source Files</Filter>
    </ClCompile>
    <ClCompile Include="psdl_view.cpp">
      <Filter>Source Files</Filter>
    </ClCompile>
    <ClCompile Include="stdafx.cpp">
      <Filter>Source Files</Filter>
    </ClCompile>
    <ClCompile Include="strings.cpp">
      <Filter>Source Files</Filter>
    </ClCompile>
    <ClCompile Include="toolwnd.cpp">
      <Filter>Source Files</Filter>
    </ClCompile>
  </ItemGroup>
  <ItemGroup>
    <ClInclude Include="3dtypes.h">
      <Filter>Header Files</Filter>
    </ClInclude>
    <ClInclude Include="aboutdlg.h">
      <Filter>Header Files</Filter>
    </ClInclude>
    <ClInclude Include="atbview.h">
      <Filter>Header Files</Filter>
    </ClInclude>
    <ClInclude Include="bai.h">
      <Filter>Header Files</Filter>
    </ClInclude>
    <ClInclude Include="bai_doc.h">
      <Filter>Header Files</Filter>
    </ClInclude>
    <ClInclude Include="bai_view.h">
      <Filter>Header Files</Filter>
    </ClInclude>
    <ClInclude Include="config.h">
      <Filter>Header Files</Filter>
    </ClInclude>
    <ClInclude Include="cpvs.h">
      <Filter>Header Files</Filter>
    </ClInclude>
    <ClInclude Include="cpvs_doc.h">
      <Filter>Header Files</Filter>
    </ClInclude>
    <ClInclude Include="cpvs_view.h">
      <Filter>Header Files</Filter>
    </ClInclude>
    <ClInclude Include="ctrls.h">
      <Filter>Header Files</Filter>
    </ClInclude>
    <ClInclude Include="dialogs.h">
      <Filter>Header Files</Filter>
    </ClInclude>
    <ClInclude Include="docview.h">
      <Filter>Header Files</Filter>
    </ClInclude>
    <ClInclude Include="files.h">
      <Filter>Header Files</Filter>
    </ClInclude>
    <ClInclude Include="glview.h">
      <Filter>Header Files</Filter>
    </ClInclude>
    <ClInclude Include="histmgr.h">
      <Filter>Header Files</Filter>
    </ClInclude>
    <ClInclude Include="inioptions.h">
      <Filter>Header Files</Filter>
    </ClInclude>
    <ClInclude Include="io_error.h">
      <Filter>Header Files</Filter>
    </ClInclude>
    <ClInclude Include="mainfrm.h">
      <Filter>Header Files</Filter>
    </ClInclude>
    <ClInclude Include="optionsdlg.h">
      <Filter>Header Files</Filter>
    </ClInclude>
    <ClInclude Include="psdl-editor.h">
      <Filter>Header Files</Filter>
    </ClInclude>
    <ClInclude Include="psdl.h">
      <Filter>Header Files</Filter>
    </ClInclude>
    <ClInclude Include="psdl_doc.h">
      <Filter>Header Files</Filter>
    </ClInclude>
    <ClInclude Include="psdl_view.h">
      <Filter>Header Files</Filter>
    </ClInclude>
    <ClInclude Include="resource.h">
      <Filter>Header Files</Filter>
    </ClInclude>
    <ClInclude Include="stdafx.h">
      <Filter>Header Files</Filter>
    </ClInclude>
    <ClInclude Include="strings.h">
      <Filter>Header Files</Filter>
    </ClInclude>
    <ClInclude Include="thread.h">
      <Filter>Header Files</Filter>
    </ClInclude>
    <ClInclude Include="tools.h">
      <Filter>Header Files</Filter>
    </ClInclude>
    <ClInclude Include="toolwnd.h">
      <Filter>Header Files</Filter>
    </ClInclude>
    <ClInclude Include="versionno.h">
      <Filter>Header Files</Filter>
    </ClInclude>
  </ItemGroup>
  <ItemGroup>
    <Image Include="res\111a.ico">
      <Filter>Resource Files</Filter>
    </Image>
    <Image Include="res\flash4.bmp">
      <Filter>Resource Files</Filter>
    </Image>
    <Image Include="res\mm33.ico">
      <Filter>Resource Files</Filter>
    </Image>
    <Image Include="res\toolbar.bmp">
      <Filter>Resource Files</Filter>
    </Image>
  </ItemGroup>
  <ItemGroup>
    <ResourceCompile Include="psdl-editor.rc">
      <Filter>Resource Files</Filter>
    </ResourceCompile>
  </ItemGroup>
  <ItemGroup>
    <CustomBuild Include="psdl-editor.rc2">
      <Filter>Resource Files</Filter>
    </CustomBuild>
  </ItemGroup>
</Project>